
Microsoft Visual Studio Solution File, Format Version 11.00
# Visual Studio 2012
VisualStudioVersion = 12.0.31101.0
MinimumVisualStudioVersion = 10.0.40219.1
Project("{FAE04EC0-301F-11D3-BF4B-00C04F79EFBC}") = "ToastNotifier", "ToastNotifier\ToastNotifier.csproj", "{57101464-BAD4-4EEF-AEA1-9A38308C2F75}"
EndProject
Global
	GlobalSection(SolutionConfigurationPlatforms) = preSolution
		Debug|Any CPU = Debug|Any CPU
		Release|Any CPU = Release|Any CPU
	EndGlobalSection
	GlobalSection(ProjectConfigurationPlatforms) = postSolution
		{57101464-BAD4-4EEF-AEA1-9A38308C2F75}.Debug|Any CPU.ActiveCfg = Debug|Any CPU
		{57101464-BAD4-4EEF-AEA1-9A38308C2F75}.Debug|Any CPU.Build.0 = Debug|Any CPU
		{57101464-BAD4-4EEF-AEA1-9A38308C2F75}.Release|Any CPU.ActiveCfg = Release|Any CPU
		{57101464-BAD4-4EEF-AEA1-9A38308C2F75}.Release|Any CPU.Build.0 = Release|Any CPU
	EndGlobalSection
	GlobalSection(SolutionProperties) = preSolution
		HideSolutionNode = FALSE
	EndGlobalSection
EndGlobal
